
Microsoft Visual Studio Solution File, Format Version 12.00
# Visual Studio 15
VisualStudioVersion = 15.0.27703.2026
MinimumVisualStudioVersion = 10.0.40219.1
Project("{9A19103F-16F7-4668-BE54-9A1E7A4F7556}") = "SportsStore", "SportsStore\SportsStore.csproj", "{D78B2AE9-545A-47E6-B0A2-883F3C3C0198}"
EndProject
Project("{9A19103F-16F7-4668-BE54-9A1E7A4F7556}") = "SportsStore.Tests", "SportsStore.Tests\SportsStore.Tests.csproj", "{CFADFC96-E16E-4EA1-958E-8078AFA77860}"
EndProject
Global
	GlobalSection(SolutionConfigurationPlatforms) = preSolution
		Debug|Any CPU = Debug|Any CPU
		Release|Any CPU = Release|Any CPU
	EndGlobalSection
	GlobalSection(ProjectConfigurationPlatforms) = postSolution
		{D78B2AE9-545A-47E6-B0A2-883F3C3C0198}.Debug|Any CPU.ActiveCfg = Debug|Any CPU
		{D78B2AE9-545A-47E6-B0A2-883F3C3C0198}.Debug|Any CPU.Build.0 = Debug|Any CPU
		{D78B2AE9-545A-47E6-B0A2-883F3C3C0198}.Release|Any CPU.ActiveCfg = Release|Any CPU
		{D78B2AE9-545A-47E6-B0A2-883F3C3C0198}.Release|Any CPU.Build.0 = Release|Any CPU
		{CFADFC96-E16E-4EA1-958E-8078AFA77860}.Debug|Any CPU.ActiveCfg = Debug|Any CPU
		{CFADFC96-E16E-4EA1-958E-8078AFA77860}.Debug|Any CPU.Build.0 = Debug|Any CPU
		{CFADFC96-E16E-4EA1-958E-8078AFA77860}.Release|Any CPU.ActiveCfg = Release|Any CPU
		{CFADFC96-E16E-4EA1-958E-8078AFA77860}.Release|Any CPU.Build.0 = Release|Any CPU
	EndGlobalSection
	GlobalSection(SolutionProperties) = preSolution
		HideSolutionNode = FALSE
	EndGlobalSection
	GlobalSection(ExtensibilityGlobals) = postSolution
		SolutionGuid = {2EE2F139-FDD5-4F7F-B367-7E786840AF1E}
	EndGlobalSection
EndGlobal
